
Microsoft Visual Studio Solution File, Format Version 12.00
# Visual Studio Version 16
VisualStudioVersion = 16.0.31229.75
MinimumVisualStudioVersion = 10.0.40219.1
Project("{FAE04EC0-301F-11D3-BF4B-00C04F79EFBC}") = "PrimeCalculator", "PrimeCalculator\PrimeCalculator.csproj", "{CFE13BB3-51CA-453B-B6DE-53497B51BCBF}"
EndProject
Project("{FAE04EC0-301F-11D3-BF4B-00C04F79EFBC}") = "DemoConsole", "DemoConsole\DemoConsole.csproj", "{581AF958-4427-4DF0-8B56-25AB479101F4}"
EndProject
Global
	GlobalSection(SolutionConfigurationPlatforms) = preSolution
		Debug|Any CPU = Debug|Any CPU
		Debug|x64 = Debug|x64
		Release|Any CPU = Release|Any CPU
		Release|x64 = Release|x64
	EndGlobalSection
	GlobalSection(ProjectConfigurationPlatforms) = postSolution
		{CFE13BB3-51CA-453B-B6DE-53497B51BCBF}.Debug|Any CPU.ActiveCfg = Debug|Any CPU
		{CFE13BB3-51CA-453B-B6DE-53497B51BCBF}.Debug|Any CPU.Build.0 = Debug|Any CPU
		{CFE13BB3-51CA-453B-B6DE-53497B51BCBF}.Debug|x64.ActiveCfg = Debug|x64
		{CFE13BB3-51CA-453B-B6DE-53497B51BCBF}.Debug|x64.Build.0 = Debug|x64
		{CFE13BB3-51CA-453B-B6DE-53497B51BCBF}.Release|Any CPU.ActiveCfg = Release|Any CPU
		{CFE13BB3-51CA-453B-B6DE-53497B51BCBF}.Release|Any CPU.Build.0 = Release|Any CPU
		{CFE13BB3-51CA-453B-B6DE-53497B51BCBF}.Release|x64.ActiveCfg = Release|x64
		{CFE13BB3-51CA-453B-B6DE-53497B51BCBF}.Release|x64.Build.0 = Release|x64
		{581AF958-4427-4DF0-8B56-25AB479101F4}.Debug|Any CPU.ActiveCfg = Debug|Any CPU
		{581AF958-4427-4DF0-8B56-25AB479101F4}.Debug|Any CPU.Build.0 = Debug|Any CPU
		{581AF958-4427-4DF0-8B56-25AB479101F4}.Debug|x64.ActiveCfg = Debug|x64
		{581AF958-4427-4DF0-8B56-25AB479101F4}.Debug|x64.Build.0 = Debug|x64
		{581AF958-4427-4DF0-8B56-25AB479101F4}.Release|Any CPU.ActiveCfg = Release|Any CPU
		{581AF958-4427-4DF0-8B56-25AB479101F4}.Release|Any CPU.Build.0 = Release|Any CPU
		{581AF958-4427-4DF0-8B56-25AB479101F4}.Release|x64.ActiveCfg = Release|x64
		{581AF958-4427-4DF0-8B56-25AB479101F4}.Release|x64.Build.0 = Release|x64
	EndGlobalSection
	GlobalSection(SolutionProperties) = preSolution
		HideSolutionNode = FALSE
	EndGlobalSection
	GlobalSection(ExtensibilityGlobals) = postSolution
		SolutionGuid = {691F2879-2735-4029-8384-7B2F0D6F9F5B}
	EndGlobalSection
EndGlobal
